
Microsoft Visual Studio Solution File, Format Version 12.00
# Visual Studio 2012
Project("{D954291E-2A0B-460D-934E-DC6B0785DB48}") = "XFAedSearch", "XFAedSearch\XFAedSearch.shproj", "{285EB03E-74A1-4B02-B41D-AE722BD31402}"
EndProject
Project("{FAE04EC0-301F-11D3-BF4B-00C04F79EFBC}") = "XFAedSearch.iOS", "iOS\XFAedSearch.iOS.csproj", "{AD4E868D-41A1-449F-8FE1-D60E94E1E64D}"
EndProject
Project("{FAE04EC0-301F-11D3-BF4B-00C04F79EFBC}") = "XFAedSearch.Droid", "Droid\XFAedSearch.Droid.csproj", "{B2563602-7462-4EDB-9FEE-40AAB81A1798}"
EndProject
Global
	GlobalSection(SolutionConfigurationPlatforms) = preSolution
		Debug|iPhoneSimulator = Debug|iPhoneSimulator
		Release|iPhone = Release|iPhone
		Release|iPhoneSimulator = Release|iPhoneSimulator
		Debug|iPhone = Debug|iPhone
		Debug|Any CPU = Debug|Any CPU
		Release|Any CPU = Release|Any CPU
	EndGlobalSection
	GlobalSection(ProjectConfigurationPlatforms) = postSolution
		{AD4E868D-41A1-449F-8FE1-D60E94E1E64D}.Debug|Any CPU.ActiveCfg = Debug|iPhoneSimulator
		{AD4E868D-41A1-449F-8FE1-D60E94E1E64D}.Debug|Any CPU.Build.0 = Debug|iPhoneSimulator
		{AD4E868D-41A1-449F-8FE1-D60E94E1E64D}.Debug|iPhone.ActiveCfg = Debug|iPhone
		{AD4E868D-41A1-449F-8FE1-D60E94E1E64D}.Debug|iPhone.Build.0 = Debug|iPhone
		{AD4E868D-41A1-449F-8FE1-D60E94E1E64D}.Debug|iPhoneSimulator.ActiveCfg = Debug|iPhoneSimulator
		{AD4E868D-41A1-449F-8FE1-D60E94E1E64D}.Debug|iPhoneSimulator.Build.0 = Debug|iPhoneSimulator
		{AD4E868D-41A1-449F-8FE1-D60E94E1E64D}.Release|Any CPU.ActiveCfg = Release|iPhone
		{AD4E868D-41A1-449F-8FE1-D60E94E1E64D}.Release|Any CPU.Build.0 = Release|iPhone
		{AD4E868D-41A1-449F-8FE1-D60E94E1E64D}.Release|iPhone.ActiveCfg = Release|iPhone
		{AD4E868D-41A1-449F-8FE1-D60E94E1E64D}.Release|iPhone.Build.0 = Release|iPhone
		{AD4E868D-41A1-449F-8FE1-D60E94E1E64D}.Release|iPhoneSimulator.ActiveCfg = Release|iPhoneSimulator
		{AD4E868D-41A1-449F-8FE1-D60E94E1E64D}.Release|iPhoneSimulator.Build.0 = Release|iPhoneSimulator
		{B2563602-7462-4EDB-9FEE-40AAB81A1798}.Debug|Any CPU.ActiveCfg = Debug|Any CPU
		{B2563602-7462-4EDB-9FEE-40AAB81A1798}.Debug|Any CPU.Build.0 = Debug|Any CPU
		{B2563602-7462-4EDB-9FEE-40AAB81A1798}.Debug|iPhone.ActiveCfg = Debug|Any CPU
		{B2563602-7462-4EDB-9FEE-40AAB81A1798}.Debug|iPhone.Build.0 = Debug|Any CPU
		{B2563602-7462-4EDB-9FEE-40AAB81A1798}.Debug|iPhoneSimulator.ActiveCfg = Debug|Any CPU
		{B2563602-7462-4EDB-9FEE-40AAB81A1798}.Debug|iPhoneSimulator.Build.0 = Debug|Any CPU
		{B2563602-7462-4EDB-9FEE-40AAB81A1798}.Release|Any CPU.ActiveCfg = Release|Any CPU
		{B2563602-7462-4EDB-9FEE-40AAB81A1798}.Release|Any CPU.Build.0 = Release|Any CPU
		{B2563602-7462-4EDB-9FEE-40AAB81A1798}.Release|iPhone.ActiveCfg = Release|Any CPU
		{B2563602-7462-4EDB-9FEE-40AAB81A1798}.Release|iPhone.Build.0 = Release|Any CPU
		{B2563602-7462-4EDB-9FEE-40AAB81A1798}.Release|iPhoneSimulator.ActiveCfg = Release|Any CPU
		{B2563602-7462-4EDB-9FEE-40AAB81A1798}.Release|iPhoneSimulator.Build.0 = Release|Any CPU
	EndGlobalSection
EndGlobal
